// !$*UTF8*$!
{
	archiveVersion = 1;
	classes = {
	};
	objectVersion = 46;
	objects = {

/* Begin PBXFileReference section */
		BFE327371EB7B52B00BB603C /* main.cpp */ = {isa = PBXFileReference; lastKnownFileType = sourcecode.cpp.cpp; path = main.cpp; sourceTree = "<group>"; };
/* End PBXFileReference section */

/* Begin PBXGroup section */
		BFE327301EB7B4CE00BB603C = {
			isa = PBXGroup;
			children = (
				BFE327371EB7B52B00BB603C /* main.cpp */,
			);
			sourceTree = "<group>";
		};
/* End PBXGroup section */

/* Begin PBXProject section */
		BFE327311EB7B4CE00BB603C /* Project object */ = {
			isa = PBXProject;
			attributes = {
				LastUpgradeCheck = 0830;
			};
			buildConfigurationList = BFE327341EB7B4CE00BB603C /* Build configuration list for PBXProject "breakthrough" */;
			compatibilityVersion = "Xcode 3.2";
			developmentRegion = English;
			hasScannedForEncodings = 0;
			knownRegions = (
				en,
			);
			mainGroup = BFE327301EB7B4CE00BB603C;
			projectDirPath = "";
			projectRoot = "";
			targets = (
			);
		};
/* End PBXProject section */

/* Begin XCBuildConfiguration section */
		BFE327351EB7B4CE00BB603C /* Debug */ = {
			isa = XCBuildConfiguration;
			buildSettings = {
			};
			name = Debug;
		};
		BFE327361EB7B4CE00BB603C /* Release */ = {
			isa = XCBuildConfiguration;
			buildSettings = {
			};
			name = Release;
		};
/* End XCBuildConfiguration section */

/* Begin XCConfigurationList section */
		BFE327341EB7B4CE00BB603C /* Build configuration list for PBXProject "breakthrough" */ = {
			isa = XCConfigurationList;
			buildConfigurations = (
				BFE327351EB7B4CE00BB603C /* Debug */,
				BFE327361EB7B4CE00BB603C /* Release */,
			);
			defaultConfigurationIsVisible = 0;
			defaultConfigurationName = Release;
		};
/* End XCConfigurationList section */
	};
	rootObject = BFE327311EB7B4CE00BB603C /* Project object */;
}
